# THIS IS AN AUTOGENERATED FILE. DO NOT EDIT THIS FILE DIRECTLY.
# yarn lockfile v1


nan@^2.14.1:
  version "2.14.2"
  resolved "https://registry.npmjs.org/nan/-/nan-2.14.2.tgz"
  integrity sha512-M2ufzIiINKCuDfBSAUr1vWQ+vuVcA9kqx8JJUsbQi6yf1uGRyb7HfpdfUr5qLXf3B/t8dPvcjhKMmlfnP47EzQ==

prettier@^2.3.2:
  version "2.3.2"
  resolved "https://registry.npmjs.org/prettier/-/prettier-2.3.2.tgz"
  integrity sha512-lnJzDfJ66zkMy58OL5/NY5zp70S7Nz6KqcKkXYzn2tMVrNxvbqaBpg7H3qHaLxCJ5lNMsGuM8+ohS7cZrthdLQ==

tree-sitter-cli@^0.20.8:
  version "0.20.8"
  resolved "https://registry.npmjs.org/tree-sitter-cli/-/tree-sitter-cli-0.20.8.tgz"
  integrity sha512-XjTcS3wdTy/2cc/ptMLc/WRyOLECRYcMTrSWyhZnj1oGSOWbHLTklgsgRICU3cPfb0vy+oZCC33M43u6R1HSCA==
